// !$*UTF8*$!
{
	archiveVersion = 1;
	classes = {
	};
	objectVersion = 50;
	objects = {

/* Begin PBXBuildFile section */
		6F17E87C21F238C400A441AB /* AppDelegate.m in Sources */ = {isa = PBXBuildFile; fileRef = 6F17E87B21F238C400A441AB /* AppDelegate.m */; };
		6F17E87F21F238C400A441AB /* ViewController.m in Sources */ = {isa = PBXBuildFile; fileRef = 6F17E87E21F238C400A441AB /* ViewController.m */; };
		6F17E88221F238C400A441AB /* Main.storyboard in Resources */ = {isa = PBXBuildFile; fileRef = 6F17E88021F238C400A441AB /* Main.storyboard */; };
		6F17E88421F238C600A441AB /* Assets.xcassets in Resources */ = {isa = PBXBuildFile; fileRef = 6F17E88321F238C600A441AB /* Assets.xcassets */; };
		6F17E88721F238C600A441AB /* LaunchScreen.storyboard in Resources */ = {isa = PBXBuildFile; fileRef = 6F17E88521F238C600A441AB /* LaunchScreen.storyboard */; };
		6F17E88A21F238C600A441AB /* main.m in Sources */ = {isa = PBXBuildFile; fileRef = 6F17E88921F238C600A441AB /* main.m */; };
		6F17E89221F23A0700A441AB /* TestViewController.m in Sources */ = {isa = PBXBuildFile; fileRef = 6F17E89121F23A0700A441AB /* TestViewController.m */; };
		6F17E89C21F23A3C00A441AB /* UnderlineTextField.m in Sources */ = {isa = PBXBuildFile; fileRef = 6F17E89621F23A3B00A441AB /* UnderlineTextField.m */; };
		6F17E89E21F23A3C00A441AB /* OutsideBorderTextField.m in Sources */ = {isa = PBXBuildFile; fileRef = 6F17E89921F23A3B00A441AB /* OutsideBorderTextField.m */; };
		6F17E8A121F23A6C00A441AB /* CleanPayTextField.m in Sources */ = {isa = PBXBuildFile; fileRef = 6F17E8A021F23A6C00A441AB /* CleanPayTextField.m */; };
		6F4A636C21FE9B3C00691098 /* CPInputView.m in Sources */ = {isa = PBXBuildFile; fileRef = 6F4A636B21FE9B3C00691098 /* CPInputView.m */; };
/* End PBXBuildFile section */

/* Begin PBXFileReference section */
		6F17E87721F238C400A441AB /* CleanPayInputView.app */ = {isa = PBXFileReference; explicitFileType = wrapper.application; includeInIndex = 0; path = CleanPayInputView.app; sourceTree = BUILT_PRODUCTS_DIR; };
		6F17E87A21F238C400A441AB /* AppDelegate.h */ = {isa = PBXFileReference; lastKnownFileType = sourcecode.c.h; path = AppDelegate.h; sourceTree = "<group>"; };
		6F17E87B21F238C400A441AB /* AppDelegate.m */ = {isa = PBXFileReference; lastKnownFileType = sourcecode.c.objc; path = AppDelegate.m; sourceTree = "<group>"; };
		6F17E87D21F238C400A441AB /* ViewController.h */ = {isa = PBXFileReference; lastKnownFileType = sourcecode.c.h; path = ViewController.h; sourceTree = "<group>"; };
		6F17E87E21F238C400A441AB /* ViewController.m */ = {isa = PBXFileReference; lastKnownFileType = sourcecode.c.objc; path = ViewController.m; sourceTree = "<group>"; };
		6F17E88121F238C400A441AB /* Base */ = {isa = PBXFileReference; lastKnownFileType = file.storyboard; name = Base; path = Base.lproj/Main.storyboard; sourceTree = "<group>"; };
		6F17E88321F238C600A441AB /* Assets.xcassets */ = {isa = PBXFileReference; lastKnownFileType = folder.assetcatalog; path = Assets.xcassets; sourceTree = "<group>"; };
		6F17E88621F238C600A441AB /* Base */ = {isa = PBXFileReference; lastKnownFileType = file.storyboard; name = Base; path = Base.lproj/LaunchScreen.storyboard; sourceTree = "<group>"; };
		6F17E88821F238C600A441AB /* Info.plist */ = {isa = PBXFileReference; lastKnownFileType = text.plist.xml; path = Info.plist; sourceTree = "<group>"; };
		6F17E88921F238C600A441AB /* main.m */ = {isa = PBXFileReference; lastKnownFileType = sourcecode.c.objc; path = main.m; sourceTree = "<group>"; };
		6F17E89021F23A0700A441AB /* TestViewController.h */ = {isa = PBXFileReference; fileEncoding = 4; lastKnownFileType = sourcecode.c.h; path = TestViewController.h; sourceTree = "<group>"; };
		6F17E89121F23A0700A441AB /* TestViewController.m */ = {isa = PBXFileReference; fileEncoding = 4; lastKnownFileType = sourcecode.c.objc; path = TestViewController.m; sourceTree = "<group>"; };
		6F17E89621F23A3B00A441AB /* UnderlineTextField.m */ = {isa = PBXFileReference; fileEncoding = 4; lastKnownFileType = sourcecode.c.objc; path = UnderlineTextField.m; sourceTree = "<group>"; };
		6F17E89921F23A3B00A441AB /* OutsideBorderTextField.m */ = {isa = PBXFileReference; fileEncoding = 4; lastKnownFileType = sourcecode.c.objc; path = OutsideBorderTextField.m; sourceTree = "<group>"; };
		6F17E89A21F23A3C00A441AB /* UnderlineTextField.h */ = {isa = PBXFileReference; fileEncoding = 4; lastKnownFileType = sourcecode.c.h; path = UnderlineTextField.h; sourceTree = "<group>"; };
		6F17E89B21F23A3C00A441AB /* OutsideBorderTextField.h */ = {isa = PBXFileReference; fileEncoding = 4; lastKnownFileType = sourcecode.c.h; path = OutsideBorderTextField.h; sourceTree = "<group>"; };
		6F17E89F21F23A6C00A441AB /* CleanPayTextField.h */ = {isa = PBXFileReference; lastKnownFileType = sourcecode.c.h; path = CleanPayTextField.h; sourceTree = "<group>"; };
		6F17E8A021F23A6C00A441AB /* CleanPayTextField.m */ = {isa = PBXFileReference; lastKnownFileType = sourcecode.c.objc; path = CleanPayTextField.m; sourceTree = "<group>"; };
		6F4A636A21FE9B3C00691098 /* CPInputView.h */ = {isa = PBXFileReference; fileEncoding = 4; lastKnownFileType = sourcecode.c.h; path = CPInputView.h; sourceTree = "<group>"; };
		6F4A636B21FE9B3C00691098 /* CPInputView.m */ = {isa = PBXFileReference; fileEncoding = 4; lastKnownFileType = sourcecode.c.objc; path = CPInputView.m; sourceTree = "<group>"; };
/* End PBXFileReference section */

/* Begin PBXFrameworksBuildPhase section */
		6F17E87421F238C400A441AB /* Frameworks */ = {
			isa = PBXFrameworksBuildPhase;
			buildActionMask = 2147483647;
			files = (
			);
			runOnlyForDeploymentPostprocessing = 0;
		};
/* End PBXFrameworksBuildPhase section */

/* Begin PBXGroup section */
		6F17E86E21F238C400A441AB = {
			isa = PBXGroup;
			children = (
				6F17E87921F238C400A441AB /* CleanPayInputView */,
				6F17E87821F238C400A441AB /* Products */,
			);
			sourceTree = "<group>";
		};
		6F17E87821F238C400A441AB /* Products */ = {
			isa = PBXGroup;
			children = (
				6F17E87721F238C400A441AB /* CleanPayInputView.app */,
			);
			name = Products;
			sourceTree = "<group>";
		};
		6F17E87921F238C400A441AB /* CleanPayInputView */ = {
			isa = PBXGroup;
			children = (
				6F17E87A21F238C400A441AB /* AppDelegate.h */,
				6F17E87B21F238C400A441AB /* AppDelegate.m */,
				6F17E87D21F238C400A441AB /* ViewController.h */,
				6F17E87E21F238C400A441AB /* ViewController.m */,
				6F4A636A21FE9B3C00691098 /* CPInputView.h */,
				6F4A636B21FE9B3C00691098 /* CPInputView.m */,
				6F17E89F21F23A6C00A441AB /* CleanPayTextField.h */,
				6F17E8A021F23A6C00A441AB /* CleanPayTextField.m */,
				6F17E89B21F23A3C00A441AB /* OutsideBorderTextField.h */,
				6F17E89921F23A3B00A441AB /* OutsideBorderTextField.m */,
				6F17E89A21F23A3C00A441AB /* UnderlineTextField.h */,
				6F17E89621F23A3B00A441AB /* UnderlineTextField.m */,
				6F17E89021F23A0700A441AB /* TestViewController.h */,
				6F17E89121F23A0700A441AB /* TestViewController.m */,
				6F17E88021F238C400A441AB /* Main.storyboard */,
				6F17E88321F238C600A441AB /* Assets.xcassets */,
				6F17E88521F238C600A441AB /* LaunchScreen.storyboard */,
				6F17E88821F238C600A441AB /* Info.plist */,
				6F17E88921F238C600A441AB /* main.m */,
			);
			path = CleanPayInputView;
			sourceTree = "<group>";
		};
/* End PBXGroup section */

/* Begin PBXNativeTarget section */
		6F17E87621F238C400A441AB /* CleanPayInputView */ = {
			isa = PBXNativeTarget;
			buildConfigurationList = 6F17E88D21F238C600A441AB /* Build configuration list for PBXNativeTarget "CleanPayInputView" */;
			buildPhases = (
				6F17E87321F238C400A441AB /* Sources */,
				6F17E87421F238C400A441AB /* Frameworks */,
				6F17E87521F238C400A441AB /* Resources */,
			);
			buildRules = (
			);
			dependencies = (
			);
			name = CleanPayInputView;
			productName = CleanPayInputView;
			productReference = 6F17E87721F238C400A441AB /* CleanPayInputView.app */;
			productType = "com.apple.product-type.application";
		};
/* End PBXNativeTarget section */

/* Begin PBXProject section */
		6F17E86F21F238C400A441AB /* Project object */ = {
			isa = PBXProject;
			attributes = {
				LastUpgradeCheck = 1010;
				ORGANIZATIONNAME = spring;
				TargetAttributes = {
					6F17E87621F238C400A441AB = {
						CreatedOnToolsVersion = 10.1;
					};
				};
			};
			buildConfigurationList = 6F17E87221F238C400A441AB /* Build configuration list for PBXProject "CleanPayInputView" */;
			compatibilityVersion = "Xcode 9.3";
			developmentRegion = en;
			hasScannedForEncodings = 0;
			knownRegions = (
				en,
				Base,
			);
			mainGroup = 6F17E86E21F238C400A441AB;
			productRefGroup = 6F17E87821F238C400A441AB /* Products */;
			projectDirPath = "";
			projectRoot = "";
			targets = (
				6F17E87621F238C400A441AB /* CleanPayInputView */,
			);
		};
/* End PBXProject section */

/* Begin PBXResourcesBuildPhase section */
		6F17E87521F238C400A441AB /* Resources */ = {
			isa = PBXResourcesBuildPhase;
			buildActionMask = 2147483647;
			files = (
				6F17E88721F238C600A441AB /* LaunchScreen.storyboard in Resources */,
				6F17E88421F238C600A441AB /* Assets.xcassets in Resources */,
				6F17E88221F238C400A441AB /* Main.storyboard in Resources */,
			);
			runOnlyForDeploymentPostprocessing = 0;
		};
/* End PBXResourcesBuildPhase section */

/* Begin PBXSourcesBuildPhase section */
		6F17E87321F238C400A441AB /* Sources */ = {
			isa = PBXSourcesBuildPhase;
			buildActionMask = 2147483647;
			files = (
				6F17E8A121F23A6C00A441AB /* CleanPayTextField.m in Sources */,
				6F17E87F21F238C400A441AB /* ViewController.m in Sources */,
				6F17E88A21F238C600A441AB /* main.m in Sources */,
				6F17E89221F23A0700A441AB /* TestViewController.m in Sources */,
				6F17E89C21F23A3C00A441AB /* UnderlineTextField.m in Sources */,
				6F17E87C21F238C400A441AB /* AppDelegate.m in Sources */,
				6F4A636C21FE9B3C00691098 /* CPInputView.m in Sources */,
				6F17E89E21F23A3C00A441AB /* OutsideBorderTextField.m in Sources */,
			);
			runOnlyForDeploymentPostprocessing = 0;
		};
/* End PBXSourcesBuildPhase section */

/* Begin PBXVariantGroup section */
		6F17E88021F238C400A441AB /* Main.storyboard */ = {
			isa = PBXVariantGroup;
			children = (
				6F17E88121F238C400A441AB /* Base */,
			);
			name = Main.storyboard;
			sourceTree = "<group>";
		};
		6F17E88521F238C600A441AB /* LaunchScreen.storyboard */ = {
			isa = PBXVariantGroup;
			children = (
				6F17E88621F238C600A441AB /* Base */,
			);
			name = LaunchScreen.storyboard;
			sourceTree = "<group>";
		};
/* End PBXVariantGroup section */

/* Begin XCBuildConfiguration section */
		6F17E88B21F238C600A441AB /* Debug */ = {
			isa = XCBuildConfiguration;
			buildSettings = {
				ALWAYS_SEARCH_USER_PATHS = NO;
				CLANG_ANALYZER_NONNULL = YES;
				CLANG_ANALYZER_NUMBER_OBJECT_CONVERSION = YES_AGGRESSIVE;
				CLANG_CXX_LANGUAGE_STANDARD = "gnu++14";
				CLANG_CXX_LIBRARY = "libc++";
				CLANG_ENABLE_MODULES = YES;
				CLANG_ENABLE_OBJC_ARC = YES;
				CLANG_ENABLE_OBJC_WEAK = YES;
				CLANG_WARN_BLOCK_CAPTURE_AUTORELEASING = YES;
				CLANG_WARN_BOOL_CONVERSION = YES;
				CLANG_WARN_COMMA = YES;
				CLANG_WARN_CONSTANT_CONVERSION = YES;
				CLANG_WARN_DEPRECATED_OBJC_IMPLEMENTATIONS = YES;
				CLANG_WARN_DIRECT_OBJC_ISA_USAGE = YES_ERROR;
				CLANG_WARN_DOCUMENTATION_COMMENTS = YES;
				CLANG_WARN_EMPTY_BODY = YES;
				CLANG_WARN_ENUM_CONVERSION = YES;
				CLANG_WARN_INFINITE_RECURSION = YES;
				CLANG_WARN_INT_CONVERSION = YES;
				CLANG_WARN_NON_LITERAL_NULL_CONVERSION = YES;
				CLANG_WARN_OBJC_IMPLICIT_RETAIN_SELF = YES;
				CLANG_WARN_OBJC_LITERAL_CONVERSION = YES;
				CLANG_WARN_OBJC_ROOT_CLASS = YES_ERROR;
				CLANG_WARN_RANGE_LOOP_ANALYSIS = YES;
				CLANG_WARN_STRICT_PROTOTYPES = YES;
				CLANG_WARN_SUSPICIOUS_MOVE = YES;
				CLANG_WARN_UNGUARDED_AVAILABILITY = YES_AGGRESSIVE;
				CLANG_WARN_UNREACHABLE_CODE = YES;
				CLANG_WARN__DUPLICATE_METHOD_MATCH = YES;
				CODE_SIGN_IDENTITY = "iPhone Developer";
				COPY_PHASE_STRIP = NO;
				DEBUG_INFORMATION_FORMAT = dwarf;
				ENABLE_STRICT_OBJC_MSGSEND = YES;
				ENABLE_TESTABILITY = YES;
				GCC_C_LANGUAGE_STANDARD = gnu11;
				GCC_DYNAMIC_NO_PIC = NO;
				GCC_NO_COMMON_BLOCKS = YES;
				GCC_OPTIMIZATION_LEVEL = 0;
				GCC_PREPROCESSOR_DEFINITIONS = (
					"DEBUG=1",
					"$(inherited)",
				);
				GCC_WARN_64_TO_32_BIT_CONVERSION = YES;
				GCC_WARN_ABOUT_RETURN_TYPE = YES_ERROR;
				GCC_WARN_UNDECLARED_SELECTOR = YES;
				GCC_WARN_UNINITIALIZED_AUTOS = YES_AGGRESSIVE;
				GCC_WARN_UNUSED_FUNCTION = YES;
				GCC_WARN_UNUSED_VARIABLE = YES;
				IPHONEOS_DEPLOYMENT_TARGET = 9.2;
				MTL_ENABLE_DEBUG_INFO = INCLUDE_SOURCE;
				MTL_FAST_MATH = YES;
				ONLY_ACTIVE_ARCH = YES;
				SDKROOT = iphoneos;
			};
			name = Debug;
		};
		6F17E88C21F238C600A441AB /* Release */ = {
			isa = XCBuildConfiguration;
			buildSettings = {
				ALWAYS_SEARCH_USER_PATHS = NO;
				CLANG_ANALYZER_NONNULL = YES;
				CLANG_ANALYZER_NUMBER_OBJECT_CONVERSION = YES_AGGRESSIVE;
				CLANG_CXX_LANGUAGE_STANDARD = "gnu++14";
				CLANG_CXX_LIBRARY = "libc++";
				CLANG_ENABLE_MODULES = YES;
				CLANG_ENABLE_OBJC_ARC = YES;
				CLANG_ENABLE_OBJC_WEAK = YES;
				CLANG_WARN_BLOCK_CAPTURE_AUTORELEASING = YES;
				CLANG_WARN_BOOL_CONVERSION = YES;
				CLANG_WARN_COMMA = YES;
				CLANG_WARN_CONSTANT_CONVERSION = YES;
				CLANG_WARN_DEPRECATED_OBJC_IMPLEMENTATIONS = YES;
				CLANG_WARN_DIRECT_OBJC_ISA_USAGE = YES_ERROR;
				CLANG_WARN_DOCUMENTATION_COMMENTS = YES;
				CLANG_WARN_EMPTY_BODY = YES;
				CLANG_WARN_ENUM_CONVERSION = YES;
				CLANG_WARN_INFINITE_RECURSION = YES;
				CLANG_WARN_INT_CONVERSION = YES;
				CLANG_WARN_NON_LITERAL_NULL_CONVERSION = YES;
				CLANG_WARN_OBJC_IMPLICIT_RETAIN_SELF = YES;
				CLANG_WARN_OBJC_LITERAL_CONVERSION = YES;
				CLANG_WARN_OBJC_ROOT_CLASS = YES_ERROR;
				CLANG_WARN_RANGE_LOOP_ANALYSIS = YES;
				CLANG_WARN_STRICT_PROTOTYPES = YES;
				CLANG_WARN_SUSPICIOUS_MOVE = YES;
				CLANG_WARN_UNGUARDED_AVAILABILITY = YES_AGGRESSIVE;
				CLANG_WARN_UNREACHABLE_CODE = YES;
				CLANG_WARN__DUPLICATE_METHOD_MATCH = YES;
				CODE_SIGN_IDENTITY = "iPhone Developer";
				COPY_PHASE_STRIP = NO;
				DEBUG_INFORMATION_FORMAT = "dwarf-with-dsym";
				ENABLE_NS_ASSERTIONS = NO;
				ENABLE_STRICT_OBJC_MSGSEND = YES;
				GCC_C_LANGUAGE_STANDARD = gnu11;
				GCC_NO_COMMON_BLOCKS = YES;
				GCC_WARN_64_TO_32_BIT_CONVERSION = YES;
				GCC_WARN_ABOUT_RETURN_TYPE = YES_ERROR;
				GCC_WARN_UNDECLARED_SELECTOR = YES;
				GCC_WARN_UNINITIALIZED_AUTOS = YES_AGGRESSIVE;
				GCC_WARN_UNUSED_FUNCTION = YES;
				GCC_WARN_UNUSED_VARIABLE = YES;
				IPHONEOS_DEPLOYMENT_TARGET = 9.2;
				MTL_ENABLE_DEBUG_INFO = NO;
				MTL_FAST_MATH = YES;
				SDKROOT = iphoneos;
				VALIDATE_PRODUCT = YES;
			};
			name = Release;
		};
		6F17E88E21F238C600A441AB /* Debug */ = {
			isa = XCBuildConfiguration;
			buildSettings = {
				ASSETCATALOG_COMPILER_APPICON_NAME = AppIcon;
				CODE_SIGN_STYLE = Automatic;
				DEVELOPMENT_TEAM = LNJ4XU6M6Q;
				INFOPLIST_FILE = CleanPayInputView/Info.plist;
				IPHONEOS_DEPLOYMENT_TARGET = 9.2;
				LD_RUNPATH_SEARCH_PATHS = (
					"$(inherited)",
					"@executable_path/Frameworks",
				);
				PRODUCT_BUNDLE_IDENTIFIER = com.kiosoft.CleanPayInputView;
				PRODUCT_NAME = "$(TARGET_NAME)";
				TARGETED_DEVICE_FAMILY = "1,2";
			};
			name = Debug;
		};
		6F17E88F21F238C600A441AB /* Release */ = {
			isa = XCBuildConfiguration;
			buildSettings = {
				ASSETCATALOG_COMPILER_APPICON_NAME = AppIcon;
				CODE_SIGN_STYLE = Automatic;
				DEVELOPMENT_TEAM = LNJ4XU6M6Q;
				INFOPLIST_FILE = CleanPayInputView/Info.plist;
				IPHONEOS_DEPLOYMENT_TARGET = 9.2;
				LD_RUNPATH_SEARCH_PATHS = (
					"$(inherited)",
					"@executable_path/Frameworks",
				);
				PRODUCT_BUNDLE_IDENTIFIER = com.kiosoft.CleanPayInputView;
				PRODUCT_NAME = "$(TARGET_NAME)";
				TARGETED_DEVICE_FAMILY = "1,2";
			};
			name = Release;
		};
/* End XCBuildConfiguration section */

/* Begin XCConfigurationList section */
		6F17E87221F238C400A441AB /* Build configuration list for PBXProject "CleanPayInputView" */ = {
			isa = XCConfigurationList;
			buildConfigurations = (
				6F17E88B21F238C600A441AB /* Debug */,
				6F17E88C21F238C600A441AB /* Release */,
			);
			defaultConfigurationIsVisible = 0;
			defaultConfigurationName = Release;
		};
		6F17E88D21F238C600A441AB /* Build configuration list for PBXNativeTarget "CleanPayInputView" */ = {
			isa = XCConfigurationList;
			buildConfigurations = (
				6F17E88E21F238C600A441AB /* Debug */,
				6F17E88F21F238C600A441AB /* Release */,
			);
			defaultConfigurationIsVisible = 0;
			defaultConfigurationName = Release;
		};
/* End XCConfigurationList section */
	};
	rootObject = 6F17E86F21F238C400A441AB /* Project object */;
}
